
Microsoft Visual Studio Solution File, Format Version 12.00
# Visual Studio Version 16
VisualStudioVersion = 25.0.1705.3
MinimumVisualStudioVersion = 10.0.40219.1
Project("{FAE04EC0-301F-11D3-BF4B-00C04F79EFBC}") = "ProjectManagementSystem", "ProjectManagementSystem\ProjectManagementSystem.csproj", "{41DE8D12-C9A0-4B9E-931C-B5883E89D853}"
EndProject
Project("{FAE04EC0-301F-11D3-BF4B-00C04F79EFBC}") = "ProjectManagementSystemUnitTests", "ProjectManagementSystemUnitTests\ProjectManagementSystemUnitTests.csproj", "{314F549D-B274-44FB-B50A-A993539673A0}"
EndProject
Global
	GlobalSection(SolutionConfigurationPlatforms) = preSolution
		Debug|Any CPU = Debug|Any CPU
		Release|Any CPU = Release|Any CPU
	EndGlobalSection
	GlobalSection(ProjectConfigurationPlatforms) = postSolution
		{41DE8D12-C9A0-4B9E-931C-B5883E89D853}.Debug|Any CPU.ActiveCfg = Debug|Any CPU
		{41DE8D12-C9A0-4B9E-931C-B5883E89D853}.Debug|Any CPU.Build.0 = Debug|Any CPU
		{41DE8D12-C9A0-4B9E-931C-B5883E89D853}.Release|Any CPU.ActiveCfg = Release|Any CPU
		{41DE8D12-C9A0-4B9E-931C-B5883E89D853}.Release|Any CPU.Build.0 = Release|Any CPU
		{314F549D-B274-44FB-B50A-A993539673A0}.Debug|Any CPU.ActiveCfg = Debug|Any CPU
		{314F549D-B274-44FB-B50A-A993539673A0}.Debug|Any CPU.Build.0 = Debug|Any CPU
		{314F549D-B274-44FB-B50A-A993539673A0}.Release|Any CPU.ActiveCfg = Release|Any CPU
		{314F549D-B274-44FB-B50A-A993539673A0}.Release|Any CPU.Build.0 = Release|Any CPU
	EndGlobalSection
	GlobalSection(SolutionProperties) = preSolution
		HideSolutionNode = FALSE
	EndGlobalSection
	GlobalSection(ExtensibilityGlobals) = postSolution
		SolutionGuid = {3BD6CEB8-5153-4822-9149-F881A6E12EA8}
	EndGlobalSection
EndGlobal
